// !$*UTF8*$!
{
	archiveVersion = 1;
	classes = {
	};
	objectVersion = 46;
	objects = {

/* Begin PBXBuildFile section */
		FFEE69FA1A4CD22000CBDDFB /* AppDelegate.swift in Sources */ = {isa = PBXBuildFile; fileRef = FFEE69F91A4CD22000CBDDFB /* AppDelegate.swift */; };
		FFEE69FC1A4CD22000CBDDFB /* ViewController.swift in Sources */ = {isa = PBXBuildFile; fileRef = FFEE69FB1A4CD22000CBDDFB /* ViewController.swift */; };
		FFEE69FF1A4CD22000CBDDFB /* Main.storyboard in Resources */ = {isa = PBXBuildFile; fileRef = FFEE69FD1A4CD22000CBDDFB /* Main.storyboard */; };
		FFEE6A011A4CD22100CBDDFB /* Images.xcassets in Resources */ = {isa = PBXBuildFile; fileRef = FFEE6A001A4CD22100CBDDFB /* Images.xcassets */; };
		FFEE6A041A4CD22100CBDDFB /* LaunchScreen.xib in Resources */ = {isa = PBXBuildFile; fileRef = FFEE6A021A4CD22100CBDDFB /* LaunchScreen.xib */; };
		FFEE6A101A4CD22100CBDDFB /* PostcardTests.swift in Sources */ = {isa = PBXBuildFile; fileRef = FFEE6A0F1A4CD22100CBDDFB /* PostcardTests.swift */; };
		FFEE6A1A1A4CD7E400CBDDFB /* AlbertEinsteinStamp.jpg in Resources */ = {isa = PBXBuildFile; fileRef = FFEE6A191A4CD7E400CBDDFB /* AlbertEinsteinStamp.jpg */; };
		FFEE6A1C1A4CD7EA00CBDDFB /* SagradaFamilia.jpeg in Resources */ = {isa = PBXBuildFile; fileRef = FFEE6A1B1A4CD7EA00CBDDFB /* SagradaFamilia.jpeg */; };
/* End PBXBuildFile section */

/* Begin PBXContainerItemProxy section */
		FFEE6A0A1A4CD22100CBDDFB /* PBXContainerItemProxy */ = {
			isa = PBXContainerItemProxy;
			containerPortal = FFEE69EC1A4CD22000CBDDFB /* Project object */;
			proxyType = 1;
			remoteGlobalIDString = FFEE69F31A4CD22000CBDDFB;
			remoteInfo = Postcard;
		};
/* End PBXContainerItemProxy section */

/* Begin PBXFileReference section */
		FFEE69F41A4CD22000CBDDFB /* Postcard.app */ = {isa = PBXFileReference; explicitFileType = wrapper.application; includeInIndex = 0; path = Postcard.app; sourceTree = BUILT_PRODUCTS_DIR; };
		FFEE69F81A4CD22000CBDDFB /* Info.plist */ = {isa = PBXFileReference; lastKnownFileType = text.plist.xml; path = Info.plist; sourceTree = "<group>"; };
		FFEE69F91A4CD22000CBDDFB /* AppDelegate.swift */ = {isa = PBXFileReference; lastKnownFileType = sourcecode.swift; path = AppDelegate.swift; sourceTree = "<group>"; };
		FFEE69FB1A4CD22000CBDDFB /* ViewController.swift */ = {isa = PBXFileReference; lastKnownFileType = sourcecode.swift; path = ViewController.swift; sourceTree = "<group>"; };
		FFEE69FE1A4CD22000CBDDFB /* Base */ = {isa = PBXFileReference; lastKnownFileType = file.storyboard; name = Base; path = Base.lproj/Main.storyboard; sourceTree = "<group>"; };
		FFEE6A001A4CD22100CBDDFB /* Images.xcassets */ = {isa = PBXFileReference; lastKnownFileType = folder.assetcatalog; path = Images.xcassets; sourceTree = "<group>"; };
		FFEE6A031A4CD22100CBDDFB /* Base */ = {isa = PBXFileReference; lastKnownFileType = file.xib; name = Base; path = Base.lproj/LaunchScreen.xib; sourceTree = "<group>"; };
		FFEE6A091A4CD22100CBDDFB /* PostcardTests.xctest */ = {isa = PBXFileReference; explicitFileType = wrapper.cfbundle; includeInIndex = 0; path = PostcardTests.xctest; sourceTree = BUILT_PRODUCTS_DIR; };
		FFEE6A0E1A4CD22100CBDDFB /* Info.plist */ = {isa = PBXFileReference; lastKnownFileType = text.plist.xml; path = Info.plist; sourceTree = "<group>"; };
		FFEE6A0F1A4CD22100CBDDFB /* PostcardTests.swift */ = {isa = PBXFileReference; lastKnownFileType = sourcecode.swift; path = PostcardTests.swift; sourceTree = "<group>"; };
		FFEE6A191A4CD7E400CBDDFB /* AlbertEinsteinStamp.jpg */ = {isa = PBXFileReference; lastKnownFileType = image.jpeg; path = AlbertEinsteinStamp.jpg; sourceTree = "<group>"; };
		FFEE6A1B1A4CD7EA00CBDDFB /* SagradaFamilia.jpeg */ = {isa = PBXFileReference; lastKnownFileType = image.jpeg; path = SagradaFamilia.jpeg; sourceTree = "<group>"; };
/* End PBXFileReference section */

/* Begin PBXFrameworksBuildPhase section */
		FFEE69F11A4CD22000CBDDFB /* Frameworks */ = {
			isa = PBXFrameworksBuildPhase;
			buildActionMask = 2147483647;
			files = (
			);
			runOnlyForDeploymentPostprocessing = 0;
		};
		FFEE6A061A4CD22100CBDDFB /* Frameworks */ = {
			isa = PBXFrameworksBuildPhase;
			buildActionMask = 2147483647;
			files = (
			);
			runOnlyForDeploymentPostprocessing = 0;
		};
/* End PBXFrameworksBuildPhase section */

/* Begin PBXGroup section */
		FFEE69EB1A4CD22000CBDDFB = {
			isa = PBXGroup;
			children = (
				FFEE69F61A4CD22000CBDDFB /* Postcard */,
				FFEE6A0C1A4CD22100CBDDFB /* PostcardTests */,
				FFEE69F51A4CD22000CBDDFB /* Products */,
			);
			sourceTree = "<group>";
		};
		FFEE69F51A4CD22000CBDDFB /* Products */ = {
			isa = PBXGroup;
			children = (
				FFEE69F41A4CD22000CBDDFB /* Postcard.app */,
				FFEE6A091A4CD22100CBDDFB /* PostcardTests.xctest */,
			);
			name = Products;
			sourceTree = "<group>";
		};
		FFEE69F61A4CD22000CBDDFB /* Postcard */ = {
			isa = PBXGroup;
			children = (
				FFEE69F91A4CD22000CBDDFB /* AppDelegate.swift */,
				FFEE69FB1A4CD22000CBDDFB /* ViewController.swift */,
				FFEE69FD1A4CD22000CBDDFB /* Main.storyboard */,
				FFEE6A001A4CD22100CBDDFB /* Images.xcassets */,
				FFEE6A021A4CD22100CBDDFB /* LaunchScreen.xib */,
				FFEE69F71A4CD22000CBDDFB /* Supporting Files */,
			);
			path = Postcard;
			sourceTree = "<group>";
		};
		FFEE69F71A4CD22000CBDDFB /* Supporting Files */ = {
			isa = PBXGroup;
			children = (
				FFEE6A1B1A4CD7EA00CBDDFB /* SagradaFamilia.jpeg */,
				FFEE6A191A4CD7E400CBDDFB /* AlbertEinsteinStamp.jpg */,
				FFEE69F81A4CD22000CBDDFB /* Info.plist */,
			);
			name = "Supporting Files";
			sourceTree = "<group>";
		};
		FFEE6A0C1A4CD22100CBDDFB /* PostcardTests */ = {
			isa = PBXGroup;
			children = (
				FFEE6A0F1A4CD22100CBDDFB /* PostcardTests.swift */,
				FFEE6A0D1A4CD22100CBDDFB /* Supporting Files */,
			);
			path = PostcardTests;
			sourceTree = "<group>";
		};
		FFEE6A0D1A4CD22100CBDDFB /* Supporting Files */ = {
			isa = PBXGroup;
			children = (
				FFEE6A0E1A4CD22100CBDDFB /* Info.plist */,
			);
			name = "Supporting Files";
			sourceTree = "<group>";
		};
/* End PBXGroup section */

/* Begin PBXNativeTarget section */
		FFEE69F31A4CD22000CBDDFB /* Postcard */ = {
			isa = PBXNativeTarget;
			buildConfigurationList = FFEE6A131A4CD22100CBDDFB /* Build configuration list for PBXNativeTarget "Postcard" */;
			buildPhases = (
				FFEE69F01A4CD22000CBDDFB /* Sources */,
				FFEE69F11A4CD22000CBDDFB /* Frameworks */,
				FFEE69F21A4CD22000CBDDFB /* Resources */,
			);
			buildRules = (
			);
			dependencies = (
			);
			name = Postcard;
			productName = Postcard;
			productReference = FFEE69F41A4CD22000CBDDFB /* Postcard.app */;
			productType = "com.apple.product-type.application";
		};
		FFEE6A081A4CD22100CBDDFB /* PostcardTests */ = {
			isa = PBXNativeTarget;
			buildConfigurationList = FFEE6A161A4CD22100CBDDFB /* Build configuration list for PBXNativeTarget "PostcardTests" */;
			buildPhases = (
				FFEE6A051A4CD22100CBDDFB /* Sources */,
				FFEE6A061A4CD22100CBDDFB /* Frameworks */,
				FFEE6A071A4CD22100CBDDFB /* Resources */,
			);
			buildRules = (
			);
			dependencies = (
				FFEE6A0B1A4CD22100CBDDFB /* PBXTargetDependency */,
			);
			name = PostcardTests;
			productName = PostcardTests;
			productReference = FFEE6A091A4CD22100CBDDFB /* PostcardTests.xctest */;
			productType = "com.apple.product-type.bundle.unit-test";
		};
/* End PBXNativeTarget section */

/* Begin PBXProject section */
		FFEE69EC1A4CD22000CBDDFB /* Project object */ = {
			isa = PBXProject;
			attributes = {
				LastUpgradeCheck = 0610;
				ORGANIZATIONNAME = Josher;
				TargetAttributes = {
					FFEE69F31A4CD22000CBDDFB = {
						CreatedOnToolsVersion = 6.1.1;
					};
					FFEE6A081A4CD22100CBDDFB = {
						CreatedOnToolsVersion = 6.1.1;
						TestTargetID = FFEE69F31A4CD22000CBDDFB;
					};
				};
			};
			buildConfigurationList = FFEE69EF1A4CD22000CBDDFB /* Build configuration list for PBXProject "Postcard" */;
			compatibilityVersion = "Xcode 3.2";
			developmentRegion = English;
			hasScannedForEncodings = 0;
			knownRegions = (
				en,
				Base,
			);
			mainGroup = FFEE69EB1A4CD22000CBDDFB;
			productRefGroup = FFEE69F51A4CD22000CBDDFB /* Products */;
			projectDirPath = "";
			projectRoot = "";
			targets = (
				FFEE69F31A4CD22000CBDDFB /* Postcard */,
				FFEE6A081A4CD22100CBDDFB /* PostcardTests */,
			);
		};
/* End PBXProject section */

/* Begin PBXResourcesBuildPhase section */
		FFEE69F21A4CD22000CBDDFB /* Resources */ = {
			isa = PBXResourcesBuildPhase;
			buildActionMask = 2147483647;
			files = (
				FFEE6A1A1A4CD7E400CBDDFB /* AlbertEinsteinStamp.jpg in Resources */,
				FFEE69FF1A4CD22000CBDDFB /* Main.storyboard in Resources */,
				FFEE6A041A4CD22100CBDDFB /* LaunchScreen.xib in Resources */,
				FFEE6A011A4CD22100CBDDFB /* Images.xcassets in Resources */,
				FFEE6A1C1A4CD7EA00CBDDFB /* SagradaFamilia.jpeg in Resources */,
			);
			runOnlyForDeploymentPostprocessing = 0;
		};
		FFEE6A071A4CD22100CBDDFB /* Resources */ = {
			isa = PBXResourcesBuildPhase;
			buildActionMask = 2147483647;
			files = (
			);
			runOnlyForDeploymentPostprocessing = 0;
		};
/* End PBXResourcesBuildPhase section */

/* Begin PBXSourcesBuildPhase section */
		FFEE69F01A4CD22000CBDDFB /* Sources */ = {
			isa = PBXSourcesBuildPhase;
			buildActionMask = 2147483647;
			files = (
				FFEE69FC1A4CD22000CBDDFB /* ViewController.swift in Sources */,
				FFEE69FA1A4CD22000CBDDFB /* AppDelegate.swift in Sources */,
			);
			runOnlyForDeploymentPostprocessing = 0;
		};
		FFEE6A051A4CD22100CBDDFB /* Sources */ = {
			isa = PBXSourcesBuildPhase;
			buildActionMask = 2147483647;
			files = (
				FFEE6A101A4CD22100CBDDFB /* PostcardTests.swift in Sources */,
			);
			runOnlyForDeploymentPostprocessing = 0;
		};
/* End PBXSourcesBuildPhase section */

/* Begin PBXTargetDependency section */
		FFEE6A0B1A4CD22100CBDDFB /* PBXTargetDependency */ = {
			isa = PBXTargetDependency;
			target = FFEE69F31A4CD22000CBDDFB /* Postcard */;
			targetProxy = FFEE6A0A1A4CD22100CBDDFB /* PBXContainerItemProxy */;
		};
/* End PBXTargetDependency section */

/* Begin PBXVariantGroup section */
		FFEE69FD1A4CD22000CBDDFB /* Main.storyboard */ = {
			isa = PBXVariantGroup;
			children = (
				FFEE69FE1A4CD22000CBDDFB /* Base */,
			);
			name = Main.storyboard;
			sourceTree = "<group>";
		};
		FFEE6A021A4CD22100CBDDFB /* LaunchScreen.xib */ = {
			isa = PBXVariantGroup;
			children = (
				FFEE6A031A4CD22100CBDDFB /* Base */,
			);
			name = LaunchScreen.xib;
			sourceTree = "<group>";
		};
/* End PBXVariantGroup section */

/* Begin XCBuildConfiguration section */
		FFEE6A111A4CD22100CBDDFB /* Debug */ = {
			isa = XCBuildConfiguration;
			buildSettings = {
				ALWAYS_SEARCH_USER_PATHS = NO;
				CLANG_CXX_LANGUAGE_STANDARD = "gnu++0x";
				CLANG_CXX_LIBRARY = "libc++";
				CLANG_ENABLE_MODULES = YES;
				CLANG_ENABLE_OBJC_ARC = YES;
				CLANG_WARN_BOOL_CONVERSION = YES;
				CLANG_WARN_CONSTANT_CONVERSION = YES;
				CLANG_WARN_DIRECT_OBJC_ISA_USAGE = YES_ERROR;
				CLANG_WARN_EMPTY_BODY = YES;
				CLANG_WARN_ENUM_CONVERSION = YES;
				CLANG_WARN_INT_CONVERSION = YES;
				CLANG_WARN_OBJC_ROOT_CLASS = YES_ERROR;
				CLANG_WARN_UNREACHABLE_CODE = YES;
				CLANG_WARN__DUPLICATE_METHOD_MATCH = YES;
				"CODE_SIGN_IDENTITY[sdk=iphoneos*]" = "iPhone Developer";
				COPY_PHASE_STRIP = NO;
				ENABLE_STRICT_OBJC_MSGSEND = YES;
				GCC_C_LANGUAGE_STANDARD = gnu99;
				GCC_DYNAMIC_NO_PIC = NO;
				GCC_OPTIMIZATION_LEVEL = 0;
				GCC_PREPROCESSOR_DEFINITIONS = (
					"DEBUG=1",
					"$(inherited)",
				);
				GCC_SYMBOLS_PRIVATE_EXTERN = NO;
				GCC_WARN_64_TO_32_BIT_CONVERSION = YES;
				GCC_WARN_ABOUT_RETURN_TYPE = YES_ERROR;
				GCC_WARN_UNDECLARED_SELECTOR = YES;
				GCC_WARN_UNINITIALIZED_AUTOS = YES_AGGRESSIVE;
				GCC_WARN_UNUSED_FUNCTION = YES;
				GCC_WARN_UNUSED_VARIABLE = YES;
				IPHONEOS_DEPLOYMENT_TARGET = 8.1;
				MTL_ENABLE_DEBUG_INFO = YES;
				ONLY_ACTIVE_ARCH = YES;
				SDKROOT = iphoneos;
				SWIFT_OPTIMIZATION_LEVEL = "-Onone";
				TARGETED_DEVICE_FAMILY = "1,2";
			};
			name = Debug;
		};
		FFEE6A121A4CD22100CBDDFB /* Release */ = {
			isa = XCBuildConfiguration;
			buildSettings = {
				ALWAYS_SEARCH_USER_PATHS = NO;
				CLANG_CXX_LANGUAGE_STANDARD = "gnu++0x";
				CLANG_CXX_LIBRARY = "libc++";
				CLANG_ENABLE_MODULES = YES;
				CLANG_ENABLE_OBJC_ARC = YES;
				CLANG_WARN_BOOL_CONVERSION = YES;
				CLANG_WARN_CONSTANT_CONVERSION = YES;
				CLANG_WARN_DIRECT_OBJC_ISA_USAGE = YES_ERROR;
				CLANG_WARN_EMPTY_BODY = YES;
				CLANG_WARN_ENUM_CONVERSION = YES;
				CLANG_WARN_INT_CONVERSION = YES;
				CLANG_WARN_OBJC_ROOT_CLASS = YES_ERROR;
				CLANG_WARN_UNREACHABLE_CODE = YES;
				CLANG_WARN__DUPLICATE_METHOD_MATCH = YES;
				"CODE_SIGN_IDENTITY[sdk=iphoneos*]" = "iPhone Developer";
				COPY_PHASE_STRIP = YES;
				ENABLE_NS_ASSERTIONS = NO;
				ENABLE_STRICT_OBJC_MSGSEND = YES;
				GCC_C_LANGUAGE_STANDARD = gnu99;
				GCC_WARN_64_TO_32_BIT_CONVERSION = YES;
				GCC_WARN_ABOUT_RETURN_TYPE = YES_ERROR;
				GCC_WARN_UNDECLARED_SELECTOR = YES;
				GCC_WARN_UNINITIALIZED_AUTOS = YES_AGGRESSIVE;
				GCC_WARN_UNUSED_FUNCTION = YES;
				GCC_WARN_UNUSED_VARIABLE = YES;
				IPHONEOS_DEPLOYMENT_TARGET = 8.1;
				MTL_ENABLE_DEBUG_INFO = NO;
				SDKROOT = iphoneos;
				TARGETED_DEVICE_FAMILY = "1,2";
				VALIDATE_PRODUCT = YES;
			};
			name = Release;
		};
		FFEE6A141A4CD22100CBDDFB /* Debug */ = {
			isa = XCBuildConfiguration;
			buildSettings = {
				ASSETCATALOG_COMPILER_APPICON_NAME = AppIcon;
				CODE_SIGN_IDENTITY = "iPhone Developer";
				INFOPLIST_FILE = Postcard/Info.plist;
				IPHONEOS_DEPLOYMENT_TARGET = 8.0;
				LD_RUNPATH_SEARCH_PATHS = "$(inherited) @executable_path/Frameworks";
				PRODUCT_NAME = "$(TARGET_NAME)";
			};
			name = Debug;
		};
		FFEE6A151A4CD22100CBDDFB /* Release */ = {
			isa = XCBuildConfiguration;
			buildSettings = {
				ASSETCATALOG_COMPILER_APPICON_NAME = AppIcon;
				CODE_SIGN_IDENTITY = "iPhone Developer";
				INFOPLIST_FILE = Postcard/Info.plist;
				IPHONEOS_DEPLOYMENT_TARGET = 8.0;
				LD_RUNPATH_SEARCH_PATHS = "$(inherited) @executable_path/Frameworks";
				PRODUCT_NAME = "$(TARGET_NAME)";
			};
			name = Release;
		};
		FFEE6A171A4CD22100CBDDFB /* Debug */ = {
			isa = XCBuildConfiguration;
			buildSettings = {
				BUNDLE_LOADER = "$(TEST_HOST)";
				FRAMEWORK_SEARCH_PATHS = (
					"$(SDKROOT)/Developer/Library/Frameworks",
					"$(inherited)",
				);
				GCC_PREPROCESSOR_DEFINITIONS = (
					"DEBUG=1",
					"$(inherited)",
				);
				INFOPLIST_FILE = PostcardTests/Info.plist;
				LD_RUNPATH_SEARCH_PATHS = "$(inherited) @executable_path/Frameworks @loader_path/Frameworks";
				PRODUCT_NAME = "$(TARGET_NAME)";
				TEST_HOST = "$(BUILT_PRODUCTS_DIR)/Postcard.app/Postcard";
			};
			name = Debug;
		};
		FFEE6A181A4CD22100CBDDFB /* Release */ = {
			isa = XCBuildConfiguration;
			buildSettings = {
				BUNDLE_LOADER = "$(TEST_HOST)";
				FRAMEWORK_SEARCH_PATHS = (
					"$(SDKROOT)/Developer/Library/Frameworks",
					"$(inherited)",
				);
				INFOPLIST_FILE = PostcardTests/Info.plist;
				LD_RUNPATH_SEARCH_PATHS = "$(inherited) @executable_path/Frameworks @loader_path/Frameworks";
				PRODUCT_NAME = "$(TARGET_NAME)";
				TEST_HOST = "$(BUILT_PRODUCTS_DIR)/Postcard.app/Postcard";
			};
			name = Release;
		};
/* End XCBuildConfiguration section */

/* Begin XCConfigurationList section */
		FFEE69EF1A4CD22000CBDDFB /* Build configuration list for PBXProject "Postcard" */ = {
			isa = XCConfigurationList;
			buildConfigurations = (
				FFEE6A111A4CD22100CBDDFB /* Debug */,
				FFEE6A121A4CD22100CBDDFB /* Release */,
			);
			defaultConfigurationIsVisible = 0;
			defaultConfigurationName = Release;
		};
		FFEE6A131A4CD22100CBDDFB /* Build configuration list for PBXNativeTarget "Postcard" */ = {
			isa = XCConfigurationList;
			buildConfigurations = (
				FFEE6A141A4CD22100CBDDFB /* Debug */,
				FFEE6A151A4CD22100CBDDFB /* Release */,
			);
			defaultConfigurationIsVisible = 0;
		};
		FFEE6A161A4CD22100CBDDFB /* Build configuration list for PBXNativeTarget "PostcardTests" */ = {
			isa = XCConfigurationList;
			buildConfigurations = (
				FFEE6A171A4CD22100CBDDFB /* Debug */,
				FFEE6A181A4CD22100CBDDFB /* Release */,
			);
			defaultConfigurationIsVisible = 0;
		};
/* End XCConfigurationList section */
	};
	rootObject = FFEE69EC1A4CD22000CBDDFB /* Project object */;
}
